
Microsoft Visual Studio Solution File, Format Version 12.00
# Visual Studio Version 17
VisualStudioVersion = 17.12.35707.178 d17.12
MinimumVisualStudioVersion = 10.0.40219.1
Project("{FAE04EC0-301F-11D3-BF4B-00C04F79EFBC}") = "Lab6Ex2", "Lab6Ex2\Lab6Ex2.csproj", "{485D01C6-A8CD-4032-B0A5-D942161F227E}"
EndProject
Global
	GlobalSection(SolutionConfigurationPlatforms) = preSolution
		Debug|Any CPU = Debug|Any CPU
		Release|Any CPU = Release|Any CPU
	EndGlobalSection
	GlobalSection(ProjectConfigurationPlatforms) = postSolution
		{485D01C6-A8CD-4032-B0A5-D942161F227E}.Debug|Any CPU.ActiveCfg = Debug|Any CPU
		{485D01C6-A8CD-4032-B0A5-D942161F227E}.Debug|Any CPU.Build.0 = Debug|Any CPU
		{485D01C6-A8CD-4032-B0A5-D942161F227E}.Release|Any CPU.ActiveCfg = Release|Any CPU
		{485D01C6-A8CD-4032-B0A5-D942161F227E}.Release|Any CPU.Build.0 = Release|Any CPU
	EndGlobalSection
	GlobalSection(SolutionProperties) = preSolution
		HideSolutionNode = FALSE
	EndGlobalSection
EndGlobal
