
Microsoft Visual Studio Solution File, Format Version 12.00
# Visual Studio Version 17
VisualStudioVersion = 17.4.33213.308
MinimumVisualStudioVersion = 10.0.40219.1
Project("{FAE04EC0-301F-11D3-BF4B-00C04F79EFBC}") = "Lab08_prjSinhVien", "Lab08_prjSinhVien\Lab08_prjSinhVien.csproj", "{D655C410-B4B4-4C46-95DE-4F9B7DC6D116}"
EndProject
Global
	GlobalSection(SolutionConfigurationPlatforms) = preSolution
		Debug|Any CPU = Debug|Any CPU
		Release|Any CPU = Release|Any CPU
	EndGlobalSection
	GlobalSection(ProjectConfigurationPlatforms) = postSolution
		{D655C410-B4B4-4C46-95DE-4F9B7DC6D116}.Debug|Any CPU.ActiveCfg = Debug|Any CPU
		{D655C410-B4B4-4C46-95DE-4F9B7DC6D116}.Debug|Any CPU.Build.0 = Debug|Any CPU
		{D655C410-B4B4-4C46-95DE-4F9B7DC6D116}.Release|Any CPU.ActiveCfg = Release|Any CPU
		{D655C410-B4B4-4C46-95DE-4F9B7DC6D116}.Release|Any CPU.Build.0 = Release|Any CPU
	EndGlobalSection
	GlobalSection(SolutionProperties) = preSolution
		HideSolutionNode = FALSE
	EndGlobalSection
	GlobalSection(ExtensibilityGlobals) = postSolution
		SolutionGuid = {F61FB1D4-42FD-4B19-90C8-6FE308EF87C5}
	EndGlobalSection
EndGlobal
